// !$*UTF8*$!
{
	archiveVersion = 1;
	classes = {
	};
	objectVersion = 46;
	objects = {

/* Begin PBXBuildFile section */
		C5B4DDDD1E2E6F3400FF795D /* AppDelegate.swift in Sources */ = {isa = PBXBuildFile; fileRef = C5B4DDDC1E2E6F3400FF795D /* AppDelegate.swift */; };
		C5B4DDDF1E2E6F3400FF795D /* ViewController.swift in Sources */ = {isa = PBXBuildFile; fileRef = C5B4DDDE1E2E6F3400FF795D /* ViewController.swift */; };
		C5B4DDE21E2E6F3400FF795D /* Main.storyboard in Resources */ = {isa = PBXBuildFile; fileRef = C5B4DDE01E2E6F3400FF795D /* Main.storyboard */; };
		C5B4DDE41E2E6F3400FF795D /* Assets.xcassets in Resources */ = {isa = PBXBuildFile; fileRef = C5B4DDE31E2E6F3400FF795D /* Assets.xcassets */; };
		C5B4DDE71E2E6F3400FF795D /* LaunchScreen.storyboard in Resources */ = {isa = PBXBuildFile; fileRef = C5B4DDE51E2E6F3400FF795D /* LaunchScreen.storyboard */; };
		C5B4DDF21E2E6F3400FF795D /* MyTwitterAppTests.swift in Sources */ = {isa = PBXBuildFile; fileRef = C5B4DDF11E2E6F3400FF795D /* MyTwitterAppTests.swift */; };
		C5B4DDFD1E2E6F3400FF795D /* MyTwitterAppUITests.swift in Sources */ = {isa = PBXBuildFile; fileRef = C5B4DDFC1E2E6F3400FF795D /* MyTwitterAppUITests.swift */; };
/* End PBXBuildFile section */

/* Begin PBXContainerItemProxy section */
		C5B4DDEE1E2E6F3400FF795D /* PBXContainerItemProxy */ = {
			isa = PBXContainerItemProxy;
			containerPortal = C5B4DDD11E2E6F3300FF795D /* Project object */;
			proxyType = 1;
			remoteGlobalIDString = C5B4DDD81E2E6F3300FF795D;
			remoteInfo = MyTwitterApp;
		};
		C5B4DDF91E2E6F3400FF795D /* PBXContainerItemProxy */ = {
			isa = PBXContainerItemProxy;
			containerPortal = C5B4DDD11E2E6F3300FF795D /* Project object */;
			proxyType = 1;
			remoteGlobalIDString = C5B4DDD81E2E6F3300FF795D;
			remoteInfo = MyTwitterApp;
		};
/* End PBXContainerItemProxy section */

/* Begin PBXFileReference section */
		C5B4DDD91E2E6F3400FF795D /* MyTwitterApp.app */ = {isa = PBXFileReference; explicitFileType = wrapper.application; includeInIndex = 0; path = MyTwitterApp.app; sourceTree = BUILT_PRODUCTS_DIR; };
		C5B4DDDC1E2E6F3400FF795D /* AppDelegate.swift */ = {isa = PBXFileReference; lastKnownFileType = sourcecode.swift; path = AppDelegate.swift; sourceTree = "<group>"; };
		C5B4DDDE1E2E6F3400FF795D /* ViewController.swift */ = {isa = PBXFileReference; lastKnownFileType = sourcecode.swift; path = ViewController.swift; sourceTree = "<group>"; };
		C5B4DDE11E2E6F3400FF795D /* Base */ = {isa = PBXFileReference; lastKnownFileType = file.storyboard; name = Base; path = Base.lproj/Main.storyboard; sourceTree = "<group>"; };
		C5B4DDE31E2E6F3400FF795D /* Assets.xcassets */ = {isa = PBXFileReference; lastKnownFileType = folder.assetcatalog; path = Assets.xcassets; sourceTree = "<group>"; };
		C5B4DDE61E2E6F3400FF795D /* Base */ = {isa = PBXFileReference; lastKnownFileType = file.storyboard; name = Base; path = Base.lproj/LaunchScreen.storyboard; sourceTree = "<group>"; };
		C5B4DDE81E2E6F3400FF795D /* Info.plist */ = {isa = PBXFileReference; lastKnownFileType = text.plist.xml; path = Info.plist; sourceTree = "<group>"; };
		C5B4DDED1E2E6F3400FF795D /* MyTwitterAppTests.xctest */ = {isa = PBXFileReference; explicitFileType = wrapper.cfbundle; includeInIndex = 0; path = MyTwitterAppTests.xctest; sourceTree = BUILT_PRODUCTS_DIR; };
		C5B4DDF11E2E6F3400FF795D /* MyTwitterAppTests.swift */ = {isa = PBXFileReference; lastKnownFileType = sourcecode.swift; path = MyTwitterAppTests.swift; sourceTree = "<group>"; };
		C5B4DDF31E2E6F3400FF795D /* Info.plist */ = {isa = PBXFileReference; lastKnownFileType = text.plist.xml; path = Info.plist; sourceTree = "<group>"; };
		C5B4DDF81E2E6F3400FF795D /* MyTwitterAppUITests.xctest */ = {isa = PBXFileReference; explicitFileType = wrapper.cfbundle; includeInIndex = 0; path = MyTwitterAppUITests.xctest; sourceTree = BUILT_PRODUCTS_DIR; };
		C5B4DDFC1E2E6F3400FF795D /* MyTwitterAppUITests.swift */ = {isa = PBXFileReference; lastKnownFileType = sourcecode.swift; path = MyTwitterAppUITests.swift; sourceTree = "<group>"; };
		C5B4DDFE1E2E6F3400FF795D /* Info.plist */ = {isa = PBXFileReference; lastKnownFileType = text.plist.xml; path = Info.plist; sourceTree = "<group>"; };
/* End PBXFileReference section */

/* Begin PBXFrameworksBuildPhase section */
		C5B4DDD61E2E6F3300FF795D /* Frameworks */ = {
			isa = PBXFrameworksBuildPhase;
			buildActionMask = 2147483647;
			files = (
			);
			runOnlyForDeploymentPostprocessing = 0;
		};
		C5B4DDEA1E2E6F3400FF795D /* Frameworks */ = {
			isa = PBXFrameworksBuildPhase;
			buildActionMask = 2147483647;
			files = (
			);
			runOnlyForDeploymentPostprocessing = 0;
		};
		C5B4DDF51E2E6F3400FF795D /* Frameworks */ = {
			isa = PBXFrameworksBuildPhase;
			buildActionMask = 2147483647;
			files = (
			);
			runOnlyForDeploymentPostprocessing = 0;
		};
/* End PBXFrameworksBuildPhase section */

/* Begin PBXGroup section */
		C5B4DDD01E2E6F3300FF795D = {
			isa = PBXGroup;
			children = (
				C5B4DDDB1E2E6F3400FF795D /* MyTwitterApp */,
				C5B4DDF01E2E6F3400FF795D /* MyTwitterAppTests */,
				C5B4DDFB1E2E6F3400FF795D /* MyTwitterAppUITests */,
				C5B4DDDA1E2E6F3400FF795D /* Products */,
			);
			sourceTree = "<group>";
		};
		C5B4DDDA1E2E6F3400FF795D /* Products */ = {
			isa = PBXGroup;
			children = (
				C5B4DDD91E2E6F3400FF795D /* MyTwitterApp.app */,
				C5B4DDED1E2E6F3400FF795D /* MyTwitterAppTests.xctest */,
				C5B4DDF81E2E6F3400FF795D /* MyTwitterAppUITests.xctest */,
			);
			name = Products;
			sourceTree = "<group>";
		};
		C5B4DDDB1E2E6F3400FF795D /* MyTwitterApp */ = {
			isa = PBXGroup;
			children = (
				C5B4DDDC1E2E6F3400FF795D /* AppDelegate.swift */,
				C5B4DDDE1E2E6F3400FF795D /* ViewController.swift */,
				C5B4DDE01E2E6F3400FF795D /* Main.storyboard */,
				C5B4DDE31E2E6F3400FF795D /* Assets.xcassets */,
				C5B4DDE51E2E6F3400FF795D /* LaunchScreen.storyboard */,
				C5B4DDE81E2E6F3400FF795D /* Info.plist */,
			);
			path = MyTwitterApp;
			sourceTree = "<group>";
		};
		C5B4DDF01E2E6F3400FF795D /* MyTwitterAppTests */ = {
			isa = PBXGroup;
			children = (
				C5B4DDF11E2E6F3400FF795D /* MyTwitterAppTests.swift */,
				C5B4DDF31E2E6F3400FF795D /* Info.plist */,
			);
			path = MyTwitterAppTests;
			sourceTree = "<group>";
		};
		C5B4DDFB1E2E6F3400FF795D /* MyTwitterAppUITests */ = {
			isa = PBXGroup;
			children = (
				C5B4DDFC1E2E6F3400FF795D /* MyTwitterAppUITests.swift */,
				C5B4DDFE1E2E6F3400FF795D /* Info.plist */,
			);
			path = MyTwitterAppUITests;
			sourceTree = "<group>";
		};
/* End PBXGroup section */

/* Begin PBXNativeTarget section */
		C5B4DDD81E2E6F3300FF795D /* MyTwitterApp */ = {
			isa = PBXNativeTarget;
			buildConfigurationList = C5B4DE011E2E6F3500FF795D /* Build configuration list for PBXNativeTarget "MyTwitterApp" */;
			buildPhases = (
				C5B4DDD51E2E6F3300FF795D /* Sources */,
				C5B4DDD61E2E6F3300FF795D /* Frameworks */,
				C5B4DDD71E2E6F3300FF795D /* Resources */,
			);
			buildRules = (
			);
			dependencies = (
			);
			name = MyTwitterApp;
			productName = MyTwitterApp;
			productReference = C5B4DDD91E2E6F3400FF795D /* MyTwitterApp.app */;
			productType = "com.apple.product-type.application";
		};
		C5B4DDEC1E2E6F3400FF795D /* MyTwitterAppTests */ = {
			isa = PBXNativeTarget;
			buildConfigurationList = C5B4DE041E2E6F3500FF795D /* Build configuration list for PBXNativeTarget "MyTwitterAppTests" */;
			buildPhases = (
				C5B4DDE91E2E6F3400FF795D /* Sources */,
				C5B4DDEA1E2E6F3400FF795D /* Frameworks */,
				C5B4DDEB1E2E6F3400FF795D /* Resources */,
			);
			buildRules = (
			);
			dependencies = (
				C5B4DDEF1E2E6F3400FF795D /* PBXTargetDependency */,
			);
			name = MyTwitterAppTests;
			productName = MyTwitterAppTests;
			productReference = C5B4DDED1E2E6F3400FF795D /* MyTwitterAppTests.xctest */;
			productType = "com.apple.product-type.bundle.unit-test";
		};
		C5B4DDF71E2E6F3400FF795D /* MyTwitterAppUITests */ = {
			isa = PBXNativeTarget;
			buildConfigurationList = C5B4DE071E2E6F3500FF795D /* Build configuration list for PBXNativeTarget "MyTwitterAppUITests" */;
			buildPhases = (
				C5B4DDF41E2E6F3400FF795D /* Sources */,
				C5B4DDF51E2E6F3400FF795D /* Frameworks */,
				C5B4DDF61E2E6F3400FF795D /* Resources */,
			);
			buildRules = (
			);
			dependencies = (
				C5B4DDFA1E2E6F3400FF795D /* PBXTargetDependency */,
			);
			name = MyTwitterAppUITests;
			productName = MyTwitterAppUITests;
			productReference = C5B4DDF81E2E6F3400FF795D /* MyTwitterAppUITests.xctest */;
			productType = "com.apple.product-type.bundle.ui-testing";
		};
/* End PBXNativeTarget section */

/* Begin PBXProject section */
		C5B4DDD11E2E6F3300FF795D /* Project object */ = {
			isa = PBXProject;
			attributes = {
				LastSwiftUpdateCheck = 0820;
				LastUpgradeCheck = 0820;
				ORGANIZATIONNAME = "Devang Pandya";
				TargetAttributes = {
					C5B4DDD81E2E6F3300FF795D = {
						CreatedOnToolsVersion = 8.2.1;
						DevelopmentTeam = 5UXMU8EG22;
						ProvisioningStyle = Automatic;
					};
					C5B4DDEC1E2E6F3400FF795D = {
						CreatedOnToolsVersion = 8.2.1;
						DevelopmentTeam = 5UXMU8EG22;
						ProvisioningStyle = Automatic;
						TestTargetID = C5B4DDD81E2E6F3300FF795D;
					};
					C5B4DDF71E2E6F3400FF795D = {
						CreatedOnToolsVersion = 8.2.1;
						DevelopmentTeam = 5UXMU8EG22;
						ProvisioningStyle = Automatic;
						TestTargetID = C5B4DDD81E2E6F3300FF795D;
					};
				};
			};
			buildConfigurationList = C5B4DDD41E2E6F3300FF795D /* Build configuration list for PBXProject "MyTwitterApp" */;
			compatibilityVersion = "Xcode 3.2";
			developmentRegion = English;
			hasScannedForEncodings = 0;
			knownRegions = (
				en,
				Base,
			);
			mainGroup = C5B4DDD01E2E6F3300FF795D;
			productRefGroup = C5B4DDDA1E2E6F3400FF795D /* Products */;
			projectDirPath = "";
			projectRoot = "";
			targets = (
				C5B4DDD81E2E6F3300FF795D /* MyTwitterApp */,
				C5B4DDEC1E2E6F3400FF795D /* MyTwitterAppTests */,
				C5B4DDF71E2E6F3400FF795D /* MyTwitterAppUITests */,
			);
		};
/* End PBXProject section */

/* Begin PBXResourcesBuildPhase section */
		C5B4DDD71E2E6F3300FF795D /* Resources */ = {
			isa = PBXResourcesBuildPhase;
			buildActionMask = 2147483647;
			files = (
				C5B4DDE71E2E6F3400FF795D /* LaunchScreen.storyboard in Resources */,
				C5B4DDE41E2E6F3400FF795D /* Assets.xcassets in Resources */,
				C5B4DDE21E2E6F3400FF795D /* Main.storyboard in Resources */,
			);
			runOnlyForDeploymentPostprocessing = 0;
		};
		C5B4DDEB1E2E6F3400FF795D /* Resources */ = {
			isa = PBXResourcesBuildPhase;
			buildActionMask = 2147483647;
			files = (
			);
			runOnlyForDeploymentPostprocessing = 0;
		};
		C5B4DDF61E2E6F3400FF795D /* Resources */ = {
			isa = PBXResourcesBuildPhase;
			buildActionMask = 2147483647;
			files = (
			);
			runOnlyForDeploymentPostprocessing = 0;
		};
/* End PBXResourcesBuildPhase section */

/* Begin PBXSourcesBuildPhase section */
		C5B4DDD51E2E6F3300FF795D /* Sources */ = {
			isa = PBXSourcesBuildPhase;
			buildActionMask = 2147483647;
			files = (
				C5B4DDDF1E2E6F3400FF795D /* ViewController.swift in Sources */,
				C5B4DDDD1E2E6F3400FF795D /* AppDelegate.swift in Sources */,
			);
			runOnlyForDeploymentPostprocessing = 0;
		};
		C5B4DDE91E2E6F3400FF795D /* Sources */ = {
			isa = PBXSourcesBuildPhase;
			buildActionMask = 2147483647;
			files = (
				C5B4DDF21E2E6F3400FF795D /* MyTwitterAppTests.swift in Sources */,
			);
			runOnlyForDeploymentPostprocessing = 0;
		};
		C5B4DDF41E2E6F3400FF795D /* Sources */ = {
			isa = PBXSourcesBuildPhase;
			buildActionMask = 2147483647;
			files = (
				C5B4DDFD1E2E6F3400FF795D /* MyTwitterAppUITests.swift in Sources */,
			);
			runOnlyForDeploymentPostprocessing = 0;
		};
/* End PBXSourcesBuildPhase section */

/* Begin PBXTargetDependency section */
		C5B4DDEF1E2E6F3400FF795D /* PBXTargetDependency */ = {
			isa = PBXTargetDependency;
			target = C5B4DDD81E2E6F3300FF795D /* MyTwitterApp */;
			targetProxy = C5B4DDEE1E2E6F3400FF795D /* PBXContainerItemProxy */;
		};
		C5B4DDFA1E2E6F3400FF795D /* PBXTargetDependency */ = {
			isa = PBXTargetDependency;
			target = C5B4DDD81E2E6F3300FF795D /* MyTwitterApp */;
			targetProxy = C5B4DDF91E2E6F3400FF795D /* PBXContainerItemProxy */;
		};
/* End PBXTargetDependency section */

/* Begin PBXVariantGroup section */
		C5B4DDE01E2E6F3400FF795D /* Main.storyboard */ = {
			isa = PBXVariantGroup;
			children = (
				C5B4DDE11E2E6F3400FF795D /* Base */,
			);
			name = Main.storyboard;
			sourceTree = "<group>";
		};
		C5B4DDE51E2E6F3400FF795D /* LaunchScreen.storyboard */ = {
			isa = PBXVariantGroup;
			children = (
				C5B4DDE61E2E6F3400FF795D /* Base */,
			);
			name = LaunchScreen.storyboard;
			sourceTree = "<group>";
		};
/* End PBXVariantGroup section */

/* Begin XCBuildConfiguration section */
		C5B4DDFF1E2E6F3400FF795D /* Debug */ = {
			isa = XCBuildConfiguration;
			buildSettings = {
				ALWAYS_SEARCH_USER_PATHS = NO;
				CLANG_ANALYZER_NONNULL = YES;
				CLANG_CXX_LANGUAGE_STANDARD = "gnu++0x";
				CLANG_CXX_LIBRARY = "libc++";
				CLANG_ENABLE_MODULES = YES;
				CLANG_ENABLE_OBJC_ARC = YES;
				CLANG_WARN_BOOL_CONVERSION = YES;
				CLANG_WARN_CONSTANT_CONVERSION = YES;
				CLANG_WARN_DIRECT_OBJC_ISA_USAGE = YES_ERROR;
				CLANG_WARN_DOCUMENTATION_COMMENTS = YES;
				CLANG_WARN_EMPTY_BODY = YES;
				CLANG_WARN_ENUM_CONVERSION = YES;
				CLANG_WARN_INFINITE_RECURSION = YES;
				CLANG_WARN_INT_CONVERSION = YES;
				CLANG_WARN_OBJC_ROOT_CLASS = YES_ERROR;
				CLANG_WARN_SUSPICIOUS_MOVE = YES;
				CLANG_WARN_UNREACHABLE_CODE = YES;
				CLANG_WARN__DUPLICATE_METHOD_MATCH = YES;
				"CODE_SIGN_IDENTITY[sdk=iphoneos*]" = "iPhone Developer";
				COPY_PHASE_STRIP = NO;
				DEBUG_INFORMATION_FORMAT = dwarf;
				ENABLE_STRICT_OBJC_MSGSEND = YES;
				ENABLE_TESTABILITY = YES;
				GCC_C_LANGUAGE_STANDARD = gnu99;
				GCC_DYNAMIC_NO_PIC = NO;
				GCC_NO_COMMON_BLOCKS = YES;
				GCC_OPTIMIZATION_LEVEL = 0;
				GCC_PREPROCESSOR_DEFINITIONS = (
					"DEBUG=1",
					"$(inherited)",
				);
				GCC_WARN_64_TO_32_BIT_CONVERSION = YES;
				GCC_WARN_ABOUT_RETURN_TYPE = YES_ERROR;
				GCC_WARN_UNDECLARED_SELECTOR = YES;
				GCC_WARN_UNINITIALIZED_AUTOS = YES_AGGRESSIVE;
				GCC_WARN_UNUSED_FUNCTION = YES;
				GCC_WARN_UNUSED_VARIABLE = YES;
				IPHONEOS_DEPLOYMENT_TARGET = 10.2;
				MTL_ENABLE_DEBUG_INFO = YES;
				ONLY_ACTIVE_ARCH = YES;
				SDKROOT = iphoneos;
				SWIFT_ACTIVE_COMPILATION_CONDITIONS = DEBUG;
				SWIFT_OPTIMIZATION_LEVEL = "-Onone";
			};
			name = Debug;
		};
		C5B4DE001E2E6F3400FF795D /* Release */ = {
			isa = XCBuildConfiguration;
			buildSettings = {
				ALWAYS_SEARCH_USER_PATHS = NO;
				CLANG_ANALYZER_NONNULL = YES;
				CLANG_CXX_LANGUAGE_STANDARD = "gnu++0x";
				CLANG_CXX_LIBRARY = "libc++";
				CLANG_ENABLE_MODULES = YES;
				CLANG_ENABLE_OBJC_ARC = YES;
				CLANG_WARN_BOOL_CONVERSION = YES;
				CLANG_WARN_CONSTANT_CONVERSION = YES;
				CLANG_WARN_DIRECT_OBJC_ISA_USAGE = YES_ERROR;
				CLANG_WARN_DOCUMENTATION_COMMENTS = YES;
				CLANG_WARN_EMPTY_BODY = YES;
				CLANG_WARN_ENUM_CONVERSION = YES;
				CLANG_WARN_INFINITE_RECURSION = YES;
				CLANG_WARN_INT_CONVERSION = YES;
				CLANG_WARN_OBJC_ROOT_CLASS = YES_ERROR;
				CLANG_WARN_SUSPICIOUS_MOVE = YES;
				CLANG_WARN_UNREACHABLE_CODE = YES;
				CLANG_WARN__DUPLICATE_METHOD_MATCH = YES;
				"CODE_SIGN_IDENTITY[sdk=iphoneos*]" = "iPhone Developer";
				COPY_PHASE_STRIP = NO;
				DEBUG_INFORMATION_FORMAT = "dwarf-with-dsym";
				ENABLE_NS_ASSERTIONS = NO;
				ENABLE_STRICT_OBJC_MSGSEND = YES;
				GCC_C_LANGUAGE_STANDARD = gnu99;
				GCC_NO_COMMON_BLOCKS = YES;
				GCC_WARN_64_TO_32_BIT_CONVERSION = YES;
				GCC_WARN_ABOUT_RETURN_TYPE = YES_ERROR;
				GCC_WARN_UNDECLARED_SELECTOR = YES;
				GCC_WARN_UNINITIALIZED_AUTOS = YES_AGGRESSIVE;
				GCC_WARN_UNUSED_FUNCTION = YES;
				GCC_WARN_UNUSED_VARIABLE = YES;
				IPHONEOS_DEPLOYMENT_TARGET = 10.2;
				MTL_ENABLE_DEBUG_INFO = NO;
				SDKROOT = iphoneos;
				SWIFT_OPTIMIZATION_LEVEL = "-Owholemodule";
				VALIDATE_PRODUCT = YES;
			};
			name = Release;
		};
		C5B4DE021E2E6F3500FF795D /* Debug */ = {
			isa = XCBuildConfiguration;
			buildSettings = {
				ASSETCATALOG_COMPILER_APPICON_NAME = AppIcon;
				DEVELOPMENT_TEAM = 5UXMU8EG22;
				INFOPLIST_FILE = MyTwitterApp/Info.plist;
				LD_RUNPATH_SEARCH_PATHS = "$(inherited) @executable_path/Frameworks";
				PRODUCT_BUNDLE_IDENTIFIER = com.MyTwitterApp;
				PRODUCT_NAME = "$(TARGET_NAME)";
				SWIFT_VERSION = 3.0;
			};
			name = Debug;
		};
		C5B4DE031E2E6F3500FF795D /* Release */ = {
			isa = XCBuildConfiguration;
			buildSettings = {
				ASSETCATALOG_COMPILER_APPICON_NAME = AppIcon;
				DEVELOPMENT_TEAM = 5UXMU8EG22;
				INFOPLIST_FILE = MyTwitterApp/Info.plist;
				LD_RUNPATH_SEARCH_PATHS = "$(inherited) @executable_path/Frameworks";
				PRODUCT_BUNDLE_IDENTIFIER = com.MyTwitterApp;
				PRODUCT_NAME = "$(TARGET_NAME)";
				SWIFT_VERSION = 3.0;
			};
			name = Release;
		};
		C5B4DE051E2E6F3500FF795D /* Debug */ = {
			isa = XCBuildConfiguration;
			buildSettings = {
				ALWAYS_EMBED_SWIFT_STANDARD_LIBRARIES = YES;
				BUNDLE_LOADER = "$(TEST_HOST)";
				DEVELOPMENT_TEAM = 5UXMU8EG22;
				INFOPLIST_FILE = MyTwitterAppTests/Info.plist;
				LD_RUNPATH_SEARCH_PATHS = "$(inherited) @executable_path/Frameworks @loader_path/Frameworks";
				PRODUCT_BUNDLE_IDENTIFIER = com.MyTwitterAppTests;
				PRODUCT_NAME = "$(TARGET_NAME)";
				SWIFT_VERSION = 3.0;
				TEST_HOST = "$(BUILT_PRODUCTS_DIR)/MyTwitterApp.app/MyTwitterApp";
			};
			name = Debug;
		};
		C5B4DE061E2E6F3500FF795D /* Release */ = {
			isa = XCBuildConfiguration;
			buildSettings = {
				ALWAYS_EMBED_SWIFT_STANDARD_LIBRARIES = YES;
				BUNDLE_LOADER = "$(TEST_HOST)";
				DEVELOPMENT_TEAM = 5UXMU8EG22;
				INFOPLIST_FILE = MyTwitterAppTests/Info.plist;
				LD_RUNPATH_SEARCH_PATHS = "$(inherited) @executable_path/Frameworks @loader_path/Frameworks";
				PRODUCT_BUNDLE_IDENTIFIER = com.MyTwitterAppTests;
				PRODUCT_NAME = "$(TARGET_NAME)";
				SWIFT_VERSION = 3.0;
				TEST_HOST = "$(BUILT_PRODUCTS_DIR)/MyTwitterApp.app/MyTwitterApp";
			};
			name = Release;
		};
		C5B4DE081E2E6F3500FF795D /* Debug */ = {
			isa = XCBuildConfiguration;
			buildSettings = {
				ALWAYS_EMBED_SWIFT_STANDARD_LIBRARIES = YES;
				DEVELOPMENT_TEAM = 5UXMU8EG22;
				INFOPLIST_FILE = MyTwitterAppUITests/Info.plist;
				LD_RUNPATH_SEARCH_PATHS = "$(inherited) @executable_path/Frameworks @loader_path/Frameworks";
				PRODUCT_BUNDLE_IDENTIFIER = com.MyTwitterAppUITests;
				PRODUCT_NAME = "$(TARGET_NAME)";
				SWIFT_VERSION = 3.0;
				TEST_TARGET_NAME = MyTwitterApp;
			};
			name = Debug;
		};
		C5B4DE091E2E6F3500FF795D /* Release */ = {
			isa = XCBuildConfiguration;
			buildSettings = {
				ALWAYS_EMBED_SWIFT_STANDARD_LIBRARIES = YES;
				DEVELOPMENT_TEAM = 5UXMU8EG22;
				INFOPLIST_FILE = MyTwitterAppUITests/Info.plist;
				LD_RUNPATH_SEARCH_PATHS = "$(inherited) @executable_path/Frameworks @loader_path/Frameworks";
				PRODUCT_BUNDLE_IDENTIFIER = com.MyTwitterAppUITests;
				PRODUCT_NAME = "$(TARGET_NAME)";
				SWIFT_VERSION = 3.0;
				TEST_TARGET_NAME = MyTwitterApp;
			};
			name = Release;
		};
/* End XCBuildConfiguration section */

/* Begin XCConfigurationList section */
		C5B4DDD41E2E6F3300FF795D /* Build configuration list for PBXProject "MyTwitterApp" */ = {
			isa = XCConfigurationList;
			buildConfigurations = (
				C5B4DDFF1E2E6F3400FF795D /* Debug */,
				C5B4DE001E2E6F3400FF795D /* Release */,
			);
			defaultConfigurationIsVisible = 0;
			defaultConfigurationName = Release;
		};
		C5B4DE011E2E6F3500FF795D /* Build configuration list for PBXNativeTarget "MyTwitterApp" */ = {
			isa = XCConfigurationList;
			buildConfigurations = (
				C5B4DE021E2E6F3500FF795D /* Debug */,
				C5B4DE031E2E6F3500FF795D /* Release */,
			);
			defaultConfigurationIsVisible = 0;
		};
		C5B4DE041E2E6F3500FF795D /* Build configuration list for PBXNativeTarget "MyTwitterAppTests" */ = {
			isa = XCConfigurationList;
			buildConfigurations = (
				C5B4DE051E2E6F3500FF795D /* Debug */,
				C5B4DE061E2E6F3500FF795D /* Release */,
			);
			defaultConfigurationIsVisible = 0;
		};
		C5B4DE071E2E6F3500FF795D /* Build configuration list for PBXNativeTarget "MyTwitterAppUITests" */ = {
			isa = XCConfigurationList;
			buildConfigurations = (
				C5B4DE081E2E6F3500FF795D /* Debug */,
				C5B4DE091E2E6F3500FF795D /* Release */,
			);
			defaultConfigurationIsVisible = 0;
		};
/* End XCConfigurationList section */
	};
	rootObject = C5B4DDD11E2E6F3300FF795D /* Project object */;
}
